
Microsoft Visual Studio Solution File, Format Version 12.00
# Visual Studio 2013
VisualStudioVersion = 12.0.30501.0
MinimumVisualStudioVersion = 10.0.40219.1
Project("{FAE04EC0-301F-11D3-BF4B-00C04F79EFBC}") = "TfsWatchDog.Bus", "TfsWatchDog.Bus\TfsWatchDog.Bus.csproj", "{449CD094-7342-4BE1-9AC2-D3D8C7309C29}"
EndProject
Project("{FAE04EC0-301F-11D3-BF4B-00C04F79EFBC}") = "TfsWatchDog.Tests", "TfsWatchDog.Tests\TfsWatchDog.Tests.csproj", "{67AAF870-3228-477C-A683-84757BCD5804}"
	ProjectSection(ProjectDependencies) = postProject
		{449CD094-7342-4BE1-9AC2-D3D8C7309C29} = {449CD094-7342-4BE1-9AC2-D3D8C7309C29}
	EndProjectSection
EndProject
Project("{FAE04EC0-301F-11D3-BF4B-00C04F79EFBC}") = "TfsWatchDog.Service", "TfsWatchDog.Service\TfsWatchDog.Service.csproj", "{8C277092-7BE7-4B3D-B324-332D0CC1381F}"
EndProject
Global
	GlobalSection(SolutionConfigurationPlatforms) = preSolution
		Debug|Any CPU = Debug|Any CPU
		Release|Any CPU = Release|Any CPU
	EndGlobalSection
	GlobalSection(ProjectConfigurationPlatforms) = postSolution
		{449CD094-7342-4BE1-9AC2-D3D8C7309C29}.Debug|Any CPU.ActiveCfg = Debug|Any CPU
		{449CD094-7342-4BE1-9AC2-D3D8C7309C29}.Debug|Any CPU.Build.0 = Debug|Any CPU
		{449CD094-7342-4BE1-9AC2-D3D8C7309C29}.Release|Any CPU.ActiveCfg = Release|Any CPU
		{449CD094-7342-4BE1-9AC2-D3D8C7309C29}.Release|Any CPU.Build.0 = Release|Any CPU
		{67AAF870-3228-477C-A683-84757BCD5804}.Debug|Any CPU.ActiveCfg = Debug|Any CPU
		{67AAF870-3228-477C-A683-84757BCD5804}.Debug|Any CPU.Build.0 = Debug|Any CPU
		{67AAF870-3228-477C-A683-84757BCD5804}.Release|Any CPU.ActiveCfg = Release|Any CPU
		{67AAF870-3228-477C-A683-84757BCD5804}.Release|Any CPU.Build.0 = Release|Any CPU
		{8C277092-7BE7-4B3D-B324-332D0CC1381F}.Debug|Any CPU.ActiveCfg = Debug|Any CPU
		{8C277092-7BE7-4B3D-B324-332D0CC1381F}.Debug|Any CPU.Build.0 = Debug|Any CPU
		{8C277092-7BE7-4B3D-B324-332D0CC1381F}.Release|Any CPU.ActiveCfg = Release|Any CPU
		{8C277092-7BE7-4B3D-B324-332D0CC1381F}.Release|Any CPU.Build.0 = Release|Any CPU
	EndGlobalSection
	GlobalSection(SolutionProperties) = preSolution
		HideSolutionNode = FALSE
	EndGlobalSection
EndGlobal
